
Microsoft Visual Studio Solution File, Format Version 12.00
# Visual Studio Version 17
VisualStudioVersion = 17.1.32407.343
MinimumVisualStudioVersion = 10.0.40219.1
Project("{FAE04EC0-301F-11D3-BF4B-00C04F79EFBC}") = "Programming", "src\Programming\Programming.csproj", "{785A6645-CD89-495F-9F6C-64CE7D5A4088}"
EndProject
Project("{FAE04EC0-301F-11D3-BF4B-00C04F79EFBC}") = "MovieApp", "src\MovieApp\MovieApp.csproj", "{8D335DC1-A933-41D9-8D37-E1DEF7AC4229}"
EndProject
Project("{54435603-DBB4-11D2-8724-00A0C9A8B90C}") = "MovieAppSetup", "src\MovieAppSetup\MovieAppSetup.vdproj", "{C50A9208-EEF5-455B-AC19-D467225AA1D8}"
EndProject
Project("{2150E333-8FDC-42A3-9474-1A3956D46DE8}") = "src", "src", "{4F87E6DE-4EC1-4281-99FB-3AC01901AB7C}"
EndProject
Project("{2150E333-8FDC-42A3-9474-1A3956D46DE8}") = "doc", "doc", "{223C9486-2DC2-444C-B9B1-B0897728ED29}"
	ProjectSection(SolutionItems) = preProject
		doc\Practics1.mdj = doc\Practics1.mdj
		doc\Practics1.png = doc\Practics1.png
		doc\Practics2.mdj = doc\Practics2.mdj
		doc\Practics2.png = doc\Practics2.png
		doc\Practics3.mdj = doc\Practics3.mdj
		doc\Practics3.png = doc\Practics3.png
		doc\Practics4.mdj = doc\Practics4.mdj
		doc\Practics4.png = doc\Practics4.png
		doc\Practics5.mdj = doc\Practics5.mdj
		doc\Practics5.png = doc\Practics5.png
		doc\Practics6.mdj = doc\Practics6.mdj
		doc\Practics6.png = doc\Practics6.png
		doc\Practics7.mdj = doc\Practics7.mdj
		doc\Practics7.png = doc\Practics7.png
	EndProjectSection
EndProject
Project("{FAE04EC0-301F-11D3-BF4B-00C04F79EFBC}") = "ObjectOrientedPractics", "src\ObjectOrientedPractics\ObjectOrientedPractics.csproj", "{29A30578-A4DD-4DAD-94B1-66FF2ADD7019}"
EndProject
Project("{FAE04EC0-301F-11D3-BF4B-00C04F79EFBC}") = "ContactApp", "ContactApp\ContactApp.csproj", "{996FB1B1-1F0B-4083-9B88-63AD8E3F7086}"
EndProject
Global
	GlobalSection(SolutionConfigurationPlatforms) = preSolution
		Debug|Any CPU = Debug|Any CPU
		Release|Any CPU = Release|Any CPU
	EndGlobalSection
	GlobalSection(ProjectConfigurationPlatforms) = postSolution
		{785A6645-CD89-495F-9F6C-64CE7D5A4088}.Debug|Any CPU.ActiveCfg = Debug|Any CPU
		{785A6645-CD89-495F-9F6C-64CE7D5A4088}.Debug|Any CPU.Build.0 = Debug|Any CPU
		{785A6645-CD89-495F-9F6C-64CE7D5A4088}.Release|Any CPU.ActiveCfg = Release|Any CPU
		{785A6645-CD89-495F-9F6C-64CE7D5A4088}.Release|Any CPU.Build.0 = Release|Any CPU
		{8D335DC1-A933-41D9-8D37-E1DEF7AC4229}.Debug|Any CPU.ActiveCfg = Debug|Any CPU
		{8D335DC1-A933-41D9-8D37-E1DEF7AC4229}.Debug|Any CPU.Build.0 = Debug|Any CPU
		{8D335DC1-A933-41D9-8D37-E1DEF7AC4229}.Release|Any CPU.ActiveCfg = Release|Any CPU
		{8D335DC1-A933-41D9-8D37-E1DEF7AC4229}.Release|Any CPU.Build.0 = Release|Any CPU
		{C50A9208-EEF5-455B-AC19-D467225AA1D8}.Debug|Any CPU.ActiveCfg = Debug
		{C50A9208-EEF5-455B-AC19-D467225AA1D8}.Release|Any CPU.ActiveCfg = Release
		{29A30578-A4DD-4DAD-94B1-66FF2ADD7019}.Debug|Any CPU.ActiveCfg = Debug|Any CPU
		{29A30578-A4DD-4DAD-94B1-66FF2ADD7019}.Debug|Any CPU.Build.0 = Debug|Any CPU
		{29A30578-A4DD-4DAD-94B1-66FF2ADD7019}.Release|Any CPU.ActiveCfg = Release|Any CPU
		{29A30578-A4DD-4DAD-94B1-66FF2ADD7019}.Release|Any CPU.Build.0 = Release|Any CPU
		{996FB1B1-1F0B-4083-9B88-63AD8E3F7086}.Debug|Any CPU.ActiveCfg = Debug|Any CPU
		{996FB1B1-1F0B-4083-9B88-63AD8E3F7086}.Debug|Any CPU.Build.0 = Debug|Any CPU
		{996FB1B1-1F0B-4083-9B88-63AD8E3F7086}.Release|Any CPU.ActiveCfg = Release|Any CPU
		{996FB1B1-1F0B-4083-9B88-63AD8E3F7086}.Release|Any CPU.Build.0 = Release|Any CPU
	EndGlobalSection
	GlobalSection(SolutionProperties) = preSolution
		HideSolutionNode = FALSE
	EndGlobalSection
	GlobalSection(NestedProjects) = preSolution
		{785A6645-CD89-495F-9F6C-64CE7D5A4088} = {4F87E6DE-4EC1-4281-99FB-3AC01901AB7C}
		{8D335DC1-A933-41D9-8D37-E1DEF7AC4229} = {4F87E6DE-4EC1-4281-99FB-3AC01901AB7C}
		{C50A9208-EEF5-455B-AC19-D467225AA1D8} = {4F87E6DE-4EC1-4281-99FB-3AC01901AB7C}
		{29A30578-A4DD-4DAD-94B1-66FF2ADD7019} = {4F87E6DE-4EC1-4281-99FB-3AC01901AB7C}
		{996FB1B1-1F0B-4083-9B88-63AD8E3F7086} = {4F87E6DE-4EC1-4281-99FB-3AC01901AB7C}
	EndGlobalSection
	GlobalSection(ExtensibilityGlobals) = postSolution
		SolutionGuid = {2F3228D6-E1F0-4A06-AD4E-FA160D569261}
	EndGlobalSection
EndGlobal
